
Microsoft Visual Studio Solution File, Format Version 12.00
# Visual Studio Version 16
VisualStudioVersion = 16.0.29509.3
MinimumVisualStudioVersion = 15.0.26124.0
Project("{2150E333-8FDC-42A3-9474-1A3956D46DE8}") = "Assets", "Assets", "{C78AC8C6-8CE2-4C77-9493-3E6F22D4F82B}"
	ProjectSection(SolutionItems) = preProject
		LICENSE.md = LICENSE.md
		.config\assets\nuget.png = .config\assets\nuget.png
		README.md = README.md
	EndProjectSection
EndProject
Project("{2150E333-8FDC-42A3-9474-1A3956D46DE8}") = "Configuration", "Configuration", "{0577A3E6-642A-4865-90E7-70103A1B0880}"
	ProjectSection(SolutionItems) = preProject
		.editorconfig = .editorconfig
		.gitignore = .gitignore
		.globalconfig = .globalconfig
		.runsettings = .runsettings
		Directory.Build.props = Directory.Build.props
		Directory.Build.targets = Directory.Build.targets
		dotnet.ruleset = dotnet.ruleset
		GitVersion.yml = GitVersion.yml
		stylecop.json = stylecop.json
		xunit.runner.json = xunit.runner.json
	EndProjectSection
EndProject
Project("{2150E333-8FDC-42A3-9474-1A3956D46DE8}") = "src", "src", "{52270E06-D3BB-4B8E-A261-377E460B5FD5}"
	ProjectSection(SolutionItems) = preProject
		src\Directory.build.props = src\Directory.build.props
	EndProjectSection
EndProject
Project("{2150E333-8FDC-42A3-9474-1A3956D46DE8}") = "tests", "tests", "{4FAAB5E4-2D81-4062-90D2-6F68DF746BD2}"
	ProjectSection(SolutionItems) = preProject
		tests\Directory.Build.props = tests\Directory.Build.props
	EndProjectSection
EndProject
Project("{2150E333-8FDC-42A3-9474-1A3956D46DE8}") = "samples", "samples", "{95906F8E-04C3-49F0-96D5-D6B78A8FF9C9}"
	ProjectSection(SolutionItems) = preProject
		samples\Directory.Build.props = samples\Directory.Build.props
	EndProjectSection
EndProject
Project("{FAE04EC0-301F-11D3-BF4B-00C04F79EFBC}") = "Extensions.Linq", "src\Extensions.Linq\Extensions.Linq.csproj", "{601497B5-73EF-4E29-AE5F-1F4AF8543F45}"
EndProject
Project("{FAE04EC0-301F-11D3-BF4B-00C04F79EFBC}") = "Extensions.LinqTests", "tests\Extensions.LinqTests\Extensions.LinqTests.csproj", "{9F6B2BDF-C77C-4113-B850-0CFB73D8C83F}"
EndProject
Global
	GlobalSection(SolutionConfigurationPlatforms) = preSolution
		Debug|Any CPU = Debug|Any CPU
		Debug|x64 = Debug|x64
		Debug|x86 = Debug|x86
		Release|Any CPU = Release|Any CPU
		Release|x64 = Release|x64
		Release|x86 = Release|x86
	EndGlobalSection
	GlobalSection(ProjectConfigurationPlatforms) = postSolution
		{601497B5-73EF-4E29-AE5F-1F4AF8543F45}.Debug|Any CPU.ActiveCfg = Debug|Any CPU
		{601497B5-73EF-4E29-AE5F-1F4AF8543F45}.Debug|Any CPU.Build.0 = Debug|Any CPU
		{601497B5-73EF-4E29-AE5F-1F4AF8543F45}.Debug|x64.ActiveCfg = Debug|Any CPU
		{601497B5-73EF-4E29-AE5F-1F4AF8543F45}.Debug|x64.Build.0 = Debug|Any CPU
		{601497B5-73EF-4E29-AE5F-1F4AF8543F45}.Debug|x86.ActiveCfg = Debug|Any CPU
		{601497B5-73EF-4E29-AE5F-1F4AF8543F45}.Debug|x86.Build.0 = Debug|Any CPU
		{601497B5-73EF-4E29-AE5F-1F4AF8543F45}.Release|Any CPU.ActiveCfg = Release|Any CPU
		{601497B5-73EF-4E29-AE5F-1F4AF8543F45}.Release|Any CPU.Build.0 = Release|Any CPU
		{601497B5-73EF-4E29-AE5F-1F4AF8543F45}.Release|x64.ActiveCfg = Release|Any CPU
		{601497B5-73EF-4E29-AE5F-1F4AF8543F45}.Release|x64.Build.0 = Release|Any CPU
		{601497B5-73EF-4E29-AE5F-1F4AF8543F45}.Release|x86.ActiveCfg = Release|Any CPU
		{601497B5-73EF-4E29-AE5F-1F4AF8543F45}.Release|x86.Build.0 = Release|Any CPU
		{9F6B2BDF-C77C-4113-B850-0CFB73D8C83F}.Debug|Any CPU.ActiveCfg = Debug|Any CPU
		{9F6B2BDF-C77C-4113-B850-0CFB73D8C83F}.Debug|Any CPU.Build.0 = Debug|Any CPU
		{9F6B2BDF-C77C-4113-B850-0CFB73D8C83F}.Debug|x64.ActiveCfg = Debug|Any CPU
		{9F6B2BDF-C77C-4113-B850-0CFB73D8C83F}.Debug|x64.Build.0 = Debug|Any CPU
		{9F6B2BDF-C77C-4113-B850-0CFB73D8C83F}.Debug|x86.ActiveCfg = Debug|Any CPU
		{9F6B2BDF-C77C-4113-B850-0CFB73D8C83F}.Debug|x86.Build.0 = Debug|Any CPU
		{9F6B2BDF-C77C-4113-B850-0CFB73D8C83F}.Release|Any CPU.ActiveCfg = Release|Any CPU
		{9F6B2BDF-C77C-4113-B850-0CFB73D8C83F}.Release|Any CPU.Build.0 = Release|Any CPU
		{9F6B2BDF-C77C-4113-B850-0CFB73D8C83F}.Release|x64.ActiveCfg = Release|Any CPU
		{9F6B2BDF-C77C-4113-B850-0CFB73D8C83F}.Release|x64.Build.0 = Release|Any CPU
		{9F6B2BDF-C77C-4113-B850-0CFB73D8C83F}.Release|x86.ActiveCfg = Release|Any CPU
		{9F6B2BDF-C77C-4113-B850-0CFB73D8C83F}.Release|x86.Build.0 = Release|Any CPU
	EndGlobalSection
	GlobalSection(SolutionProperties) = preSolution
		HideSolutionNode = FALSE
	EndGlobalSection
	GlobalSection(NestedProjects) = preSolution
		{601497B5-73EF-4E29-AE5F-1F4AF8543F45} = {52270E06-D3BB-4B8E-A261-377E460B5FD5}
		{9F6B2BDF-C77C-4113-B850-0CFB73D8C83F} = {4FAAB5E4-2D81-4062-90D2-6F68DF746BD2}
	EndGlobalSection
	GlobalSection(ExtensibilityGlobals) = postSolution
		SolutionGuid = {51F9BF65-6DFB-4A56-AC1C-EA87B6678C8B}
	EndGlobalSection
EndGlobal
